
Microsoft Visual Studio Solution File, Format Version 12.00
# Visual Studio 14
VisualStudioVersion = 14.0.23107.0
MinimumVisualStudioVersion = 10.0.40219.1
Project("{FAE04EC0-301F-11D3-BF4B-00C04F79EFBC}") = "ExtenderLib", "ExtenderLib\ExtenderLib.csproj", "{D80C3799-34DB-460C-A276-24657F4E4B6E}"
EndProject
Project("{FAE04EC0-301F-11D3-BF4B-00C04F79EFBC}") = "SEServerExtender", "SEServerExtender\SEServerExtender.csproj", "{985FAFAF-99FC-453E-A626-B6DCAF8C3739}"
EndProject
Global
	GlobalSection(SolutionConfigurationPlatforms) = preSolution
		Debug|Any CPU = Debug|Any CPU
		Release|Any CPU = Release|Any CPU
	EndGlobalSection
	GlobalSection(ProjectConfigurationPlatforms) = postSolution
		{D80C3799-34DB-460C-A276-24657F4E4B6E}.Debug|Any CPU.ActiveCfg = Debug|Any CPU
		{D80C3799-34DB-460C-A276-24657F4E4B6E}.Debug|Any CPU.Build.0 = Debug|Any CPU
		{D80C3799-34DB-460C-A276-24657F4E4B6E}.Release|Any CPU.ActiveCfg = Release|Any CPU
		{D80C3799-34DB-460C-A276-24657F4E4B6E}.Release|Any CPU.Build.0 = Release|Any CPU
		{985FAFAF-99FC-453E-A626-B6DCAF8C3739}.Debug|Any CPU.ActiveCfg = Debug|Any CPU
		{985FAFAF-99FC-453E-A626-B6DCAF8C3739}.Debug|Any CPU.Build.0 = Debug|Any CPU
		{985FAFAF-99FC-453E-A626-B6DCAF8C3739}.Release|Any CPU.ActiveCfg = Release|Any CPU
		{985FAFAF-99FC-453E-A626-B6DCAF8C3739}.Release|Any CPU.Build.0 = Release|Any CPU
	EndGlobalSection
	GlobalSection(SolutionProperties) = preSolution
		HideSolutionNode = FALSE
	EndGlobalSection
EndGlobal
